
Microsoft Visual Studio Solution File, Format Version 12.00
# Visual Studio Version 16
VisualStudioVersion = 16.0.30114.105
MinimumVisualStudioVersion = 10.0.40219.1
Project("{FAE04EC0-301F-11D3-BF4B-00C04F79EFBC}") = "PaymentContext.Domain", "PaymentContext.Domain\PaymentContext.Domain.csproj", "{9F33BDCB-686B-45F4-8C9B-4AFE23DE9199}"
EndProject
Project("{FAE04EC0-301F-11D3-BF4B-00C04F79EFBC}") = "PaymentContext.Shared", "PaymentContext.Shared\PaymentContext.Shared.csproj", "{58F12E84-AB4B-44A9-A5C8-D7F31981F8F1}"
EndProject
Project("{FAE04EC0-301F-11D3-BF4B-00C04F79EFBC}") = "PaymentContext.Tests", "PaymentContext.Tests\PaymentContext.Tests.csproj", "{40C3F3C4-A267-49E8-BBE5-22F55B41FEBA}"
EndProject
Global
	GlobalSection(SolutionConfigurationPlatforms) = preSolution
		Debug|Any CPU = Debug|Any CPU
		Debug|x64 = Debug|x64
		Debug|x86 = Debug|x86
		Release|Any CPU = Release|Any CPU
		Release|x64 = Release|x64
		Release|x86 = Release|x86
	EndGlobalSection
	GlobalSection(SolutionProperties) = preSolution
		HideSolutionNode = FALSE
	EndGlobalSection
	GlobalSection(ProjectConfigurationPlatforms) = postSolution
		{9F33BDCB-686B-45F4-8C9B-4AFE23DE9199}.Debug|Any CPU.ActiveCfg = Debug|Any CPU
		{9F33BDCB-686B-45F4-8C9B-4AFE23DE9199}.Debug|Any CPU.Build.0 = Debug|Any CPU
		{9F33BDCB-686B-45F4-8C9B-4AFE23DE9199}.Debug|x64.ActiveCfg = Debug|Any CPU
		{9F33BDCB-686B-45F4-8C9B-4AFE23DE9199}.Debug|x64.Build.0 = Debug|Any CPU
		{9F33BDCB-686B-45F4-8C9B-4AFE23DE9199}.Debug|x86.ActiveCfg = Debug|Any CPU
		{9F33BDCB-686B-45F4-8C9B-4AFE23DE9199}.Debug|x86.Build.0 = Debug|Any CPU
		{9F33BDCB-686B-45F4-8C9B-4AFE23DE9199}.Release|Any CPU.ActiveCfg = Release|Any CPU
		{9F33BDCB-686B-45F4-8C9B-4AFE23DE9199}.Release|Any CPU.Build.0 = Release|Any CPU
		{9F33BDCB-686B-45F4-8C9B-4AFE23DE9199}.Release|x64.ActiveCfg = Release|Any CPU
		{9F33BDCB-686B-45F4-8C9B-4AFE23DE9199}.Release|x64.Build.0 = Release|Any CPU
		{9F33BDCB-686B-45F4-8C9B-4AFE23DE9199}.Release|x86.ActiveCfg = Release|Any CPU
		{9F33BDCB-686B-45F4-8C9B-4AFE23DE9199}.Release|x86.Build.0 = Release|Any CPU
		{58F12E84-AB4B-44A9-A5C8-D7F31981F8F1}.Debug|Any CPU.ActiveCfg = Debug|Any CPU
		{58F12E84-AB4B-44A9-A5C8-D7F31981F8F1}.Debug|Any CPU.Build.0 = Debug|Any CPU
		{58F12E84-AB4B-44A9-A5C8-D7F31981F8F1}.Debug|x64.ActiveCfg = Debug|Any CPU
		{58F12E84-AB4B-44A9-A5C8-D7F31981F8F1}.Debug|x64.Build.0 = Debug|Any CPU
		{58F12E84-AB4B-44A9-A5C8-D7F31981F8F1}.Debug|x86.ActiveCfg = Debug|Any CPU
		{58F12E84-AB4B-44A9-A5C8-D7F31981F8F1}.Debug|x86.Build.0 = Debug|Any CPU
		{58F12E84-AB4B-44A9-A5C8-D7F31981F8F1}.Release|Any CPU.ActiveCfg = Release|Any CPU
		{58F12E84-AB4B-44A9-A5C8-D7F31981F8F1}.Release|Any CPU.Build.0 = Release|Any CPU
		{58F12E84-AB4B-44A9-A5C8-D7F31981F8F1}.Release|x64.ActiveCfg = Release|Any CPU
		{58F12E84-AB4B-44A9-A5C8-D7F31981F8F1}.Release|x64.Build.0 = Release|Any CPU
		{58F12E84-AB4B-44A9-A5C8-D7F31981F8F1}.Release|x86.ActiveCfg = Release|Any CPU
		{58F12E84-AB4B-44A9-A5C8-D7F31981F8F1}.Release|x86.Build.0 = Release|Any CPU
		{40C3F3C4-A267-49E8-BBE5-22F55B41FEBA}.Debug|Any CPU.ActiveCfg = Debug|Any CPU
		{40C3F3C4-A267-49E8-BBE5-22F55B41FEBA}.Debug|Any CPU.Build.0 = Debug|Any CPU
		{40C3F3C4-A267-49E8-BBE5-22F55B41FEBA}.Debug|x64.ActiveCfg = Debug|Any CPU
		{40C3F3C4-A267-49E8-BBE5-22F55B41FEBA}.Debug|x64.Build.0 = Debug|Any CPU
		{40C3F3C4-A267-49E8-BBE5-22F55B41FEBA}.Debug|x86.ActiveCfg = Debug|Any CPU
		{40C3F3C4-A267-49E8-BBE5-22F55B41FEBA}.Debug|x86.Build.0 = Debug|Any CPU
		{40C3F3C4-A267-49E8-BBE5-22F55B41FEBA}.Release|Any CPU.ActiveCfg = Release|Any CPU
		{40C3F3C4-A267-49E8-BBE5-22F55B41FEBA}.Release|Any CPU.Build.0 = Release|Any CPU
		{40C3F3C4-A267-49E8-BBE5-22F55B41FEBA}.Release|x64.ActiveCfg = Release|Any CPU
		{40C3F3C4-A267-49E8-BBE5-22F55B41FEBA}.Release|x64.Build.0 = Release|Any CPU
		{40C3F3C4-A267-49E8-BBE5-22F55B41FEBA}.Release|x86.ActiveCfg = Release|Any CPU
		{40C3F3C4-A267-49E8-BBE5-22F55B41FEBA}.Release|x86.Build.0 = Release|Any CPU
	EndGlobalSection
EndGlobal
